
Microsoft Visual Studio Solution File, Format Version 12.00
# Visual Studio 15
VisualStudioVersion = 15.0.26730.12
MinimumVisualStudioVersion = 10.0.40219.1
Project("{FAE04EC0-301F-11D3-BF4B-00C04F79EFBC}") = "H6 DispatcherTimer", "H6 DispatcherTimer\H6 DispatcherTimer.csproj", "{EC9BF9A5-9D38-42EB-B566-58E9873FDB53}"
EndProject
Global
	GlobalSection(SolutionConfigurationPlatforms) = preSolution
		Debug|Any CPU = Debug|Any CPU
		Release|Any CPU = Release|Any CPU
	EndGlobalSection
	GlobalSection(ProjectConfigurationPlatforms) = postSolution
		{EC9BF9A5-9D38-42EB-B566-58E9873FDB53}.Debug|Any CPU.ActiveCfg = Debug|Any CPU
		{EC9BF9A5-9D38-42EB-B566-58E9873FDB53}.Debug|Any CPU.Build.0 = Debug|Any CPU
		{EC9BF9A5-9D38-42EB-B566-58E9873FDB53}.Release|Any CPU.ActiveCfg = Release|Any CPU
		{EC9BF9A5-9D38-42EB-B566-58E9873FDB53}.Release|Any CPU.Build.0 = Release|Any CPU
	EndGlobalSection
	GlobalSection(SolutionProperties) = preSolution
		HideSolutionNode = FALSE
	EndGlobalSection
	GlobalSection(ExtensibilityGlobals) = postSolution
		SolutionGuid = {AC9AB9D6-9306-439B-B414-4660FBC5F95F}
	EndGlobalSection
EndGlobal
